
Microsoft Visual Studio Solution File, Format Version 12.00
# Visual Studio Version 17
VisualStudioVersion = 17.4.33205.214
MinimumVisualStudioVersion = 10.0.40219.1
Project("{FAE04EC0-301F-11D3-BF4B-00C04F79EFBC}") = "RockPaperScissors", "RockPaperScissort\RockPaperScissors.csproj", "{078796D2-E8AE-4039-AB9B-A4B39708251E}"
EndProject
Global
	GlobalSection(SolutionConfigurationPlatforms) = preSolution
		Debug|Any CPU = Debug|Any CPU
		Release|Any CPU = Release|Any CPU
	EndGlobalSection
	GlobalSection(ProjectConfigurationPlatforms) = postSolution
		{078796D2-E8AE-4039-AB9B-A4B39708251E}.Debug|Any CPU.ActiveCfg = Debug|Any CPU
		{078796D2-E8AE-4039-AB9B-A4B39708251E}.Debug|Any CPU.Build.0 = Debug|Any CPU
		{078796D2-E8AE-4039-AB9B-A4B39708251E}.Release|Any CPU.ActiveCfg = Release|Any CPU
		{078796D2-E8AE-4039-AB9B-A4B39708251E}.Release|Any CPU.Build.0 = Release|Any CPU
	EndGlobalSection
	GlobalSection(SolutionProperties) = preSolution
		HideSolutionNode = FALSE
	EndGlobalSection
	GlobalSection(ExtensibilityGlobals) = postSolution
		SolutionGuid = {3E080AA1-A7CD-4A4A-9249-33C31639D4EE}
	EndGlobalSection
EndGlobal
